{
  "projects": [
    {
      "projectId": "jV5kTR5vBZcUAmy5B3d9Ad",
      "version": "latest",
      "dependencies": {},
      "lang": "js",
      "fileLocks": [
        {
          "type": "globalVariant",
          "assetId": "mFVuj9_4QKqx",
          "checksum": "b86258a0ecb6770837c0b5d7700122bd"
        },
        {
          "assetId": "jV5kTR5vBZcUAmy5B3d9Ad",
          "type": "projectCss",
          "checksum": "c4ae8f1e527a3c2b1d8cc0d76c4da875"
        },
        {
          "type": "renderModule",
          "assetId": "_8GHl0FsHg0t",
          "checksum": "161fbafbebb9ca2200851a82e5c0e1e9"
        },
        {
          "type": "cssRules",
          "assetId": "_8GHl0FsHg0t",
          "checksum": "161fbafbebb9ca2200851a82e5c0e1e9"
        }
      ],
      "codegenVersion": "0.0.1"
    }
  ],
  "cliVersion": "0.1.334"
}
